Microsoft Visual Studio Solution File, Format Version 11.00
# Visual Studio 2010
Project("{FAE04EC0-301F-11D3-BF4B-00C04F79EFBC}") = "Example", "Example\Example.csproj", "{DDFF31FF-BB4F-45C4-BF21-C186D2442247}"
EndProject
Global
	GlobalSection(SolutionConfigurationPlatforms) = preSolution
		Debug|Any CPU = Debug|Any CPU
		Release|Any CPU = Release|Any CPU
	EndGlobalSection
	GlobalSection(ProjectConfigurationPlatforms) = postSolution
		{DDFF31FF-BB4F-45C4-BF21-C186D2442247}.Debug|Any CPU.ActiveCfg = Debug|Any CPU
		{DDFF31FF-BB4F-45C4-BF21-C186D2442247}.Debug|Any CPU.Build.0 = Debug|Any CPU
		{DDFF31FF-BB4F-45C4-BF21-C186D2442247}.Release|Any CPU.ActiveCfg = Release|Any CPU
		{DDFF31FF-BB4F-45C4-BF21-C186D2442247}.Release|Any CPU.Build.0 = Release|Any CPU
	EndGlobalSection
	GlobalSection(SolutionProperties) = preSolution
		HideSolutionNode = FALSE
	EndGlobalSection
EndGlobal
