
Microsoft Visual Studio Solution File, Format Version 12.00
# Visual Studio Version 16
VisualStudioVersion = 16.0.29806.167
MinimumVisualStudioVersion = 10.0.40219.1
Project("{F184B08F-C81C-45F6-A57F-5ABD9991F28F}") = "Example", "Example\Example.vbproj", "{37180094-204E-47C8-A2EF-6F3939DA1B4C}"
EndProject
Global
	GlobalSection(SolutionConfigurationPlatforms) = preSolution
		Debug|Any CPU = Debug|Any CPU
		Release|Any CPU = Release|Any CPU
	EndGlobalSection
	GlobalSection(ProjectConfigurationPlatforms) = postSolution
		{37180094-204E-47C8-A2EF-6F3939DA1B4C}.Debug|Any CPU.ActiveCfg = Debug|Any CPU
		{37180094-204E-47C8-A2EF-6F3939DA1B4C}.Debug|Any CPU.Build.0 = Debug|Any CPU
		{37180094-204E-47C8-A2EF-6F3939DA1B4C}.Release|Any CPU.ActiveCfg = Release|Any CPU
		{37180094-204E-47C8-A2EF-6F3939DA1B4C}.Release|Any CPU.Build.0 = Release|Any CPU
	EndGlobalSection
	GlobalSection(SolutionProperties) = preSolution
		HideSolutionNode = FALSE
	EndGlobalSection
	GlobalSection(ExtensibilityGlobals) = postSolution
		SolutionGuid = {3CC2D9C9-2885-4FB4-B74C-D16E22396C77}
	EndGlobalSection
EndGlobal
